// !$*UTF8*$!
{
	archiveVersion = 1;
	classes = {
	};
	objectVersion = 46;
	objects = {

/* Begin PBXBuildFile section */
		9E909C4E1F5D8011008CF381 /* CarCollectionCell.swift in Sources */ = {isa = PBXBuildFile; fileRef = 9E909C4D1F5D8011008CF381 /* CarCollectionCell.swift */; };
		9E909C501F5E0040008CF381 /* Config.swift in Sources */ = {isa = PBXBuildFile; fileRef = 9E909C4F1F5E0040008CF381 /* Config.swift */; };
		9EA5A2891F5D7A420094887D /* AppDelegate.swift in Sources */ = {isa = PBXBuildFile; fileRef = 9EA5A2881F5D7A420094887D /* AppDelegate.swift */; };
		9EA5A28B1F5D7A420094887D /* ViewController.swift in Sources */ = {isa = PBXBuildFile; fileRef = 9EA5A28A1F5D7A420094887D /* ViewController.swift */; };
		9EA5A28E1F5D7A420094887D /* Main.storyboard in Resources */ = {isa = PBXBuildFile; fileRef = 9EA5A28C1F5D7A420094887D /* Main.storyboard */; };
		9EA5A2911F5D7A420094887D /* EVOS_Test_Trembovetskiy.xcdatamodeld in Sources */ = {isa = PBXBuildFile; fileRef = 9EA5A28F1F5D7A420094887D /* EVOS_Test_Trembovetskiy.xcdatamodeld */; };
		9EA5A2931F5D7A420094887D /* Assets.xcassets in Resources */ = {isa = PBXBuildFile; fileRef = 9EA5A2921F5D7A420094887D /* Assets.xcassets */; };
		9EA5A2961F5D7A420094887D /* LaunchScreen.storyboard in Resources */ = {isa = PBXBuildFile; fileRef = 9EA5A2941F5D7A420094887D /* LaunchScreen.storyboard */; };
		9EA5A29E1F5D7B3E0094887D /* Extensions.swift in Sources */ = {isa = PBXBuildFile; fileRef = 9EA5A29D1F5D7B3E0094887D /* Extensions.swift */; };
/* End PBXBuildFile section */

/* Begin PBXFileReference section */
		9E909C4D1F5D8011008CF381 /* CarCollectionCell.swift */ = {isa = PBXFileReference; fileEncoding = 4; lastKnownFileType = sourcecode.swift; path = CarCollectionCell.swift; sourceTree = "<group>"; };
		9E909C4F1F5E0040008CF381 /* Config.swift */ = {isa = PBXFileReference; fileEncoding = 4; lastKnownFileType = sourcecode.swift; path = Config.swift; sourceTree = "<group>"; };
		9EA5A2851F5D7A420094887D /* EVOS_Test_Trembovetskiy.app */ = {isa = PBXFileReference; explicitFileType = wrapper.application; includeInIndex = 0; path = EVOS_Test_Trembovetskiy.app; sourceTree = BUILT_PRODUCTS_DIR; };
		9EA5A2881F5D7A420094887D /* AppDelegate.swift */ = {isa = PBXFileReference; lastKnownFileType = sourcecode.swift; path = AppDelegate.swift; sourceTree = "<group>"; };
		9EA5A28A1F5D7A420094887D /* ViewController.swift */ = {isa = PBXFileReference; lastKnownFileType = sourcecode.swift; path = ViewController.swift; sourceTree = "<group>"; };
		9EA5A28D1F5D7A420094887D /* Base */ = {isa = PBXFileReference; lastKnownFileType = file.storyboard; name = Base; path = Base.lproj/Main.storyboard; sourceTree = "<group>"; };
		9EA5A2901F5D7A420094887D /* EVOS_Test_Trembovetskiy.xcdatamodel */ = {isa = PBXFileReference; lastKnownFileType = wrapper.xcdatamodel; path = EVOS_Test_Trembovetskiy.xcdatamodel; sourceTree = "<group>"; };
		9EA5A2921F5D7A420094887D /* Assets.xcassets */ = {isa = PBXFileReference; lastKnownFileType = folder.assetcatalog; path = Assets.xcassets; sourceTree = "<group>"; };
		9EA5A2951F5D7A420094887D /* Base */ = {isa = PBXFileReference; lastKnownFileType = file.storyboard; name = Base; path = Base.lproj/LaunchScreen.storyboard; sourceTree = "<group>"; };
		9EA5A2971F5D7A420094887D /* Info.plist */ = {isa = PBXFileReference; lastKnownFileType = text.plist.xml; path = Info.plist; sourceTree = "<group>"; };
		9EA5A29D1F5D7B3E0094887D /* Extensions.swift */ = {isa = PBXFileReference; fileEncoding = 4; lastKnownFileType = sourcecode.swift; path = Extensions.swift; sourceTree = "<group>"; };
/* End PBXFileReference section */

/* Begin PBXFrameworksBuildPhase section */
		9EA5A2821F5D7A420094887D /* Frameworks */ = {
			isa = PBXFrameworksBuildPhase;
			buildActionMask = 2147483647;
			files = (
			);
			runOnlyForDeploymentPostprocessing = 0;
		};
/* End PBXFrameworksBuildPhase section */

/* Begin PBXGroup section */
		9EA5A27C1F5D7A420094887D = {
			isa = PBXGroup;
			children = (
				9EA5A2871F5D7A420094887D /* EVOS_Test_Trembovetskiy */,
				9EA5A2861F5D7A420094887D /* Products */,
			);
			sourceTree = "<group>";
		};
		9EA5A2861F5D7A420094887D /* Products */ = {
			isa = PBXGroup;
			children = (
				9EA5A2851F5D7A420094887D /* EVOS_Test_Trembovetskiy.app */,
			);
			name = Products;
			sourceTree = "<group>";
		};
		9EA5A2871F5D7A420094887D /* EVOS_Test_Trembovetskiy */ = {
			isa = PBXGroup;
			children = (
				9EA5A2881F5D7A420094887D /* AppDelegate.swift */,
				9EA5A28A1F5D7A420094887D /* ViewController.swift */,
				9EA5A28C1F5D7A420094887D /* Main.storyboard */,
				9EA5A2921F5D7A420094887D /* Assets.xcassets */,
				9EA5A2941F5D7A420094887D /* LaunchScreen.storyboard */,
				9EA5A2971F5D7A420094887D /* Info.plist */,
				9EA5A28F1F5D7A420094887D /* EVOS_Test_Trembovetskiy.xcdatamodeld */,
				9EA5A29D1F5D7B3E0094887D /* Extensions.swift */,
				9E909C4D1F5D8011008CF381 /* CarCollectionCell.swift */,
				9E909C4F1F5E0040008CF381 /* Config.swift */,
			);
			path = EVOS_Test_Trembovetskiy;
			sourceTree = "<group>";
		};
/* End PBXGroup section */

/* Begin PBXNativeTarget section */
		9EA5A2841F5D7A420094887D /* EVOS_Test_Trembovetskiy */ = {
			isa = PBXNativeTarget;
			buildConfigurationList = 9EA5A29A1F5D7A420094887D /* Build configuration list for PBXNativeTarget "EVOS_Test_Trembovetskiy" */;
			buildPhases = (
				9EA5A2811F5D7A420094887D /* Sources */,
				9EA5A2821F5D7A420094887D /* Frameworks */,
				9EA5A2831F5D7A420094887D /* Resources */,
			);
			buildRules = (
			);
			dependencies = (
			);
			name = EVOS_Test_Trembovetskiy;
			productName = EVOS_Test_Trembovetskiy;
			productReference = 9EA5A2851F5D7A420094887D /* EVOS_Test_Trembovetskiy.app */;
			productType = "com.apple.product-type.application";
		};
/* End PBXNativeTarget section */

/* Begin PBXProject section */
		9EA5A27D1F5D7A420094887D /* Project object */ = {
			isa = PBXProject;
			attributes = {
				LastSwiftUpdateCheck = 0830;
				LastUpgradeCheck = 0830;
				ORGANIZATIONNAME = "Kiril Trembovetskiy";
				TargetAttributes = {
					9EA5A2841F5D7A420094887D = {
						CreatedOnToolsVersion = 8.3.2;
						DevelopmentTeam = 33HPK7564T;
						ProvisioningStyle = Automatic;
					};
				};
			};
			buildConfigurationList = 9EA5A2801F5D7A420094887D /* Build configuration list for PBXProject "EVOS_Test_Trembovetskiy" */;
			compatibilityVersion = "Xcode 3.2";
			developmentRegion = English;
			hasScannedForEncodings = 0;
			knownRegions = (
				en,
				Base,
			);
			mainGroup = 9EA5A27C1F5D7A420094887D;
			productRefGroup = 9EA5A2861F5D7A420094887D /* Products */;
			projectDirPath = "";
			projectRoot = "";
			targets = (
				9EA5A2841F5D7A420094887D /* EVOS_Test_Trembovetskiy */,
			);
		};
/* End PBXProject section */

/* Begin PBXResourcesBuildPhase section */
		9EA5A2831F5D7A420094887D /* Resources */ = {
			isa = PBXResourcesBuildPhase;
			buildActionMask = 2147483647;
			files = (
				9EA5A2961F5D7A420094887D /* LaunchScreen.storyboard in Resources */,
				9EA5A2931F5D7A420094887D /* Assets.xcassets in Resources */,
				9EA5A28E1F5D7A420094887D /* Main.storyboard in Resources */,
			);
			runOnlyForDeploymentPostprocessing = 0;
		};
/* End PBXResourcesBuildPhase section */

/* Begin PBXSourcesBuildPhase section */
		9EA5A2811F5D7A420094887D /* Sources */ = {
			isa = PBXSourcesBuildPhase;
			buildActionMask = 2147483647;
			files = (
				9EA5A28B1F5D7A420094887D /* ViewController.swift in Sources */,
				9EA5A2911F5D7A420094887D /* EVOS_Test_Trembovetskiy.xcdatamodeld in Sources */,
				9EA5A2891F5D7A420094887D /* AppDelegate.swift in Sources */,
				9EA5A29E1F5D7B3E0094887D /* Extensions.swift in Sources */,
				9E909C4E1F5D8011008CF381 /* CarCollectionCell.swift in Sources */,
				9E909C501F5E0040008CF381 /* Config.swift in Sources */,
			);
			runOnlyForDeploymentPostprocessing = 0;
		};
/* End PBXSourcesBuildPhase section */

/* Begin PBXVariantGroup section */
		9EA5A28C1F5D7A420094887D /* Main.storyboard */ = {
			isa = PBXVariantGroup;
			children = (
				9EA5A28D1F5D7A420094887D /* Base */,
			);
			name = Main.storyboard;
			sourceTree = "<group>";
		};
		9EA5A2941F5D7A420094887D /* LaunchScreen.storyboard */ = {
			isa = PBXVariantGroup;
			children = (
				9EA5A2951F5D7A420094887D /* Base */,
			);
			name = LaunchScreen.storyboard;
			sourceTree = "<group>";
		};
/* End PBXVariantGroup section */

/* Begin XCBuildConfiguration section */
		9EA5A2981F5D7A420094887D /* Debug */ = {
			isa = XCBuildConfiguration;
			buildSettings = {
				ALWAYS_SEARCH_USER_PATHS = NO;
				CLANG_ANALYZER_NONNULL = YES;
				CLANG_ANALYZER_NUMBER_OBJECT_CONVERSION = YES_AGGRESSIVE;
				CLANG_CXX_LANGUAGE_STANDARD = "gnu++0x";
				CLANG_CXX_LIBRARY = "libc++";
				CLANG_ENABLE_MODULES = YES;
				CLANG_ENABLE_OBJC_ARC = YES;
				CLANG_WARN_BOOL_CONVERSION = YES;
				CLANG_WARN_CONSTANT_CONVERSION = YES;
				CLANG_WARN_DIRECT_OBJC_ISA_USAGE = YES_ERROR;
				CLANG_WARN_DOCUMENTATION_COMMENTS = YES;
				CLANG_WARN_EMPTY_BODY = YES;
				CLANG_WARN_ENUM_CONVERSION = YES;
				CLANG_WARN_INFINITE_RECURSION = YES;
				CLANG_WARN_INT_CONVERSION = YES;
				CLANG_WARN_OBJC_ROOT_CLASS = YES_ERROR;
				CLANG_WARN_SUSPICIOUS_MOVE = YES;
				CLANG_WARN_UNREACHABLE_CODE = YES;
				CLANG_WARN__DUPLICATE_METHOD_MATCH = YES;
				"CODE_SIGN_IDENTITY[sdk=iphoneos*]" = "iPhone Developer";
				COPY_PHASE_STRIP = NO;
				DEBUG_INFORMATION_FORMAT = dwarf;
				ENABLE_STRICT_OBJC_MSGSEND = YES;
				ENABLE_TESTABILITY = YES;
				GCC_C_LANGUAGE_STANDARD = gnu99;
				GCC_DYNAMIC_NO_PIC = NO;
				GCC_NO_COMMON_BLOCKS = YES;
				GCC_OPTIMIZATION_LEVEL = 0;
				GCC_PREPROCESSOR_DEFINITIONS = (
					"DEBUG=1",
					"$(inherited)",
				);
				GCC_WARN_64_TO_32_BIT_CONVERSION = YES;
				GCC_WARN_ABOUT_RETURN_TYPE = YES_ERROR;
				GCC_WARN_UNDECLARED_SELECTOR = YES;
				GCC_WARN_UNINITIALIZED_AUTOS = YES_AGGRESSIVE;
				GCC_WARN_UNUSED_FUNCTION = YES;
				GCC_WARN_UNUSED_VARIABLE = YES;
				IPHONEOS_DEPLOYMENT_TARGET = 10.3;
				MTL_ENABLE_DEBUG_INFO = YES;
				ONLY_ACTIVE_ARCH = YES;
				SDKROOT = iphoneos;
				SWIFT_ACTIVE_COMPILATION_CONDITIONS = DEBUG;
				SWIFT_OPTIMIZATION_LEVEL = "-Onone";
			};
			name = Debug;
		};
		9EA5A2991F5D7A420094887D /* Release */ = {
			isa = XCBuildConfiguration;
			buildSettings = {
				ALWAYS_SEARCH_USER_PATHS = NO;
				CLANG_ANALYZER_NONNULL = YES;
				CLANG_ANALYZER_NUMBER_OBJECT_CONVERSION = YES_AGGRESSIVE;
				CLANG_CXX_LANGUAGE_STANDARD = "gnu++0x";
				CLANG_CXX_LIBRARY = "libc++";
				CLANG_ENABLE_MODULES = YES;
				CLANG_ENABLE_OBJC_ARC = YES;
				CLANG_WARN_BOOL_CONVERSION = YES;
				CLANG_WARN_CONSTANT_CONVERSION = YES;
				CLANG_WARN_DIRECT_OBJC_ISA_USAGE = YES_ERROR;
				CLANG_WARN_DOCUMENTATION_COMMENTS = YES;
				CLANG_WARN_EMPTY_BODY = YES;
				CLANG_WARN_ENUM_CONVERSION = YES;
				CLANG_WARN_INFINITE_RECURSION = YES;
				CLANG_WARN_INT_CONVERSION = YES;
				CLANG_WARN_OBJC_ROOT_CLASS = YES_ERROR;
				CLANG_WARN_SUSPICIOUS_MOVE = YES;
				CLANG_WARN_UNREACHABLE_CODE = YES;
				CLANG_WARN__DUPLICATE_METHOD_MATCH = YES;
				"CODE_SIGN_IDENTITY[sdk=iphoneos*]" = "iPhone Developer";
				COPY_PHASE_STRIP = NO;
				DEBUG_INFORMATION_FORMAT = "dwarf-with-dsym";
				ENABLE_NS_ASSERTIONS = NO;
				ENABLE_STRICT_OBJC_MSGSEND = YES;
				GCC_C_LANGUAGE_STANDARD = gnu99;
				GCC_NO_COMMON_BLOCKS = YES;
				GCC_WARN_64_TO_32_BIT_CONVERSION = YES;
				GCC_WARN_ABOUT_RETURN_TYPE = YES_ERROR;
				GCC_WARN_UNDECLARED_SELECTOR = YES;
				GCC_WARN_UNINITIALIZED_AUTOS = YES_AGGRESSIVE;
				GCC_WARN_UNUSED_FUNCTION = YES;
				GCC_WARN_UNUSED_VARIABLE = YES;
				IPHONEOS_DEPLOYMENT_TARGET = 10.3;
				MTL_ENABLE_DEBUG_INFO = NO;
				SDKROOT = iphoneos;
				SWIFT_OPTIMIZATION_LEVEL = "-Owholemodule";
				VALIDATE_PRODUCT = YES;
			};
			name = Release;
		};
		9EA5A29B1F5D7A420094887D /* Debug */ = {
			isa = XCBuildConfiguration;
			buildSettings = {
				ASSETCATALOG_COMPILER_APPICON_NAME = AppIcon;
				DEVELOPMENT_TEAM = 33HPK7564T;
				INFOPLIST_FILE = EVOS_Test_Trembovetskiy/Info.plist;
				LD_RUNPATH_SEARCH_PATHS = "$(inherited) @executable_path/Frameworks";
				PRODUCT_BUNDLE_IDENTIFIER = "Trembovetskiy-Kiril.EVOS-Test-Trembovetskiy";
				PRODUCT_NAME = "$(TARGET_NAME)";
				SWIFT_VERSION = 3.0;
			};
			name = Debug;
		};
		9EA5A29C1F5D7A420094887D /* Release */ = {
			isa = XCBuildConfiguration;
			buildSettings = {
				ASSETCATALOG_COMPILER_APPICON_NAME = AppIcon;
				DEVELOPMENT_TEAM = 33HPK7564T;
				INFOPLIST_FILE = EVOS_Test_Trembovetskiy/Info.plist;
				LD_RUNPATH_SEARCH_PATHS = "$(inherited) @executable_path/Frameworks";
				PRODUCT_BUNDLE_IDENTIFIER = "Trembovetskiy-Kiril.EVOS-Test-Trembovetskiy";
				PRODUCT_NAME = "$(TARGET_NAME)";
				SWIFT_VERSION = 3.0;
			};
			name = Release;
		};
/* End XCBuildConfiguration section */

/* Begin XCConfigurationList section */
		9EA5A2801F5D7A420094887D /* Build configuration list for PBXProject "EVOS_Test_Trembovetskiy" */ = {
			isa = XCConfigurationList;
			buildConfigurations = (
				9EA5A2981F5D7A420094887D /* Debug */,
				9EA5A2991F5D7A420094887D /* Release */,
			);
			defaultConfigurationIsVisible = 0;
			defaultConfigurationName = Release;
		};
		9EA5A29A1F5D7A420094887D /* Build configuration list for PBXNativeTarget "EVOS_Test_Trembovetskiy" */ = {
			isa = XCConfigurationList;
			buildConfigurations = (
				9EA5A29B1F5D7A420094887D /* Debug */,
				9EA5A29C1F5D7A420094887D /* Release */,
			);
			defaultConfigurationIsVisible = 0;
			defaultConfigurationName = Release;
		};
/* End XCConfigurationList section */

/* Begin XCVersionGroup section */
		9EA5A28F1F5D7A420094887D /* EVOS_Test_Trembovetskiy.xcdatamodeld */ = {
			isa = XCVersionGroup;
			children = (
				9EA5A2901F5D7A420094887D /* EVOS_Test_Trembovetskiy.xcdatamodel */,
			);
			currentVersion = 9EA5A2901F5D7A420094887D /* EVOS_Test_Trembovetskiy.xcdatamodel */;
			path = EVOS_Test_Trembovetskiy.xcdatamodeld;
			sourceTree = "<group>";
			versionGroupType = wrapper.xcdatamodel;
		};
/* End XCVersionGroup section */
	};
	rootObject = 9EA5A27D1F5D7A420094887D /* Project object */;
}
